
Microsoft Visual Studio Solution File, Format Version 12.00
# Visual Studio Version 16
VisualStudioVersion = 16.0.31112.23
MinimumVisualStudioVersion = 10.0.40219.1
Project("{2150E333-8FDC-42A3-9474-1A3956D46DE8}") = "src", "src", "{0C832A1E-D9FC-4744-B584-8A554D860884}"
EndProject
Project("{2150E333-8FDC-42A3-9474-1A3956D46DE8}") = "test", "test", "{1C9B038C-D426-4778-A99B-6DFEB9DA964A}"
EndProject
Project("{9A19103F-16F7-4668-BE54-9A1E7A4F7556}") = "Serilog.Enrichers.Exceptions", "src\Serilog.Enrichers.Exceptions\Serilog.Enrichers.Exceptions.csproj", "{6B8FBE77-35D0-474E-BBDE-BD90B461C56E}"
EndProject
Global
	GlobalSection(SolutionConfigurationPlatforms) = preSolution
		Debug|Any CPU = Debug|Any CPU
		Release|Any CPU = Release|Any CPU
	EndGlobalSection
	GlobalSection(ProjectConfigurationPlatforms) = postSolution
		{6B8FBE77-35D0-474E-BBDE-BD90B461C56E}.Debug|Any CPU.ActiveCfg = Debug|Any CPU
		{6B8FBE77-35D0-474E-BBDE-BD90B461C56E}.Debug|Any CPU.Build.0 = Debug|Any CPU
		{6B8FBE77-35D0-474E-BBDE-BD90B461C56E}.Release|Any CPU.ActiveCfg = Release|Any CPU
		{6B8FBE77-35D0-474E-BBDE-BD90B461C56E}.Release|Any CPU.Build.0 = Release|Any CPU
	EndGlobalSection
	GlobalSection(SolutionProperties) = preSolution
		HideSolutionNode = FALSE
	EndGlobalSection
	GlobalSection(NestedProjects) = preSolution
		{6B8FBE77-35D0-474E-BBDE-BD90B461C56E} = {0C832A1E-D9FC-4744-B584-8A554D860884}
	EndGlobalSection
	GlobalSection(ExtensibilityGlobals) = postSolution
		SolutionGuid = {91BBD03B-AAED-4C75-B781-28E62C8947A3}
	EndGlobalSection
EndGlobal
